
Microsoft Visual Studio Solution File, Format Version 12.00
# Visual Studio 15
VisualStudioVersion = 15.0.27703.2035
MinimumVisualStudioVersion = 10.0.40219.1
Project("{FAE04EC0-301F-11D3-BF4B-00C04F79EFBC}") = "SistemaPerfiladoCriminal", "SistemaPerfiladoCriminal\SistemaPerfiladoCriminal.csproj", "{A80BB454-C9D4-4715-8B2E-7DD7396D2813}"
EndProject
Global
	GlobalSection(SolutionConfigurationPlatforms) = preSolution
		Debug|Any CPU = Debug|Any CPU
		Release|Any CPU = Release|Any CPU
	EndGlobalSection
	GlobalSection(ProjectConfigurationPlatforms) = postSolution
		{A80BB454-C9D4-4715-8B2E-7DD7396D2813}.Debug|Any CPU.ActiveCfg = Debug|Any CPU
		{A80BB454-C9D4-4715-8B2E-7DD7396D2813}.Debug|Any CPU.Build.0 = Debug|Any CPU
		{A80BB454-C9D4-4715-8B2E-7DD7396D2813}.Release|Any CPU.ActiveCfg = Release|Any CPU
		{A80BB454-C9D4-4715-8B2E-7DD7396D2813}.Release|Any CPU.Build.0 = Release|Any CPU
	EndGlobalSection
	GlobalSection(SolutionProperties) = preSolution
		HideSolutionNode = FALSE
	EndGlobalSection
	GlobalSection(ExtensibilityGlobals) = postSolution
		SolutionGuid = {8C32AB01-78C9-4EC0-8AFF-9A8F79B88C4B}
	EndGlobalSection
EndGlobal
